
Microsoft Visual Studio Solution File, Format Version 12.00
# Visual Studio Version 17
VisualStudioVersion = 17.2.32630.192
MinimumVisualStudioVersion = 10.0.40219.1
Project("{FAE04EC0-301F-11D3-BF4B-00C04F79EFBC}") = "ADO.NetPrograms", "ADO.NetPrograms\ADO.NetPrograms.csproj", "{17158AAF-509A-41FC-A289-F9F0661101CB}"
EndProject
Project("{FAE04EC0-301F-11D3-BF4B-00C04F79EFBC}") = "Connected-Disconnected-ReaderUsingLoad", "Connected-Disconnected-ReaderUsingLoad\Connected-Disconnected-ReaderUsingLoad.csproj", "{62A0F061-57C5-437B-B797-71F14183C282}"
EndProject
Project("{FAE04EC0-301F-11D3-BF4B-00C04F79EFBC}") = "Select-Insert-Update-Delete22", "Select-Insert-Update-Delete22\Select-Insert-Update-Delete22.csproj", "{8CEAC08A-FAF0-4AF0-B989-3B6E25EFD433}"
EndProject
Project("{FAE04EC0-301F-11D3-BF4B-00C04F79EFBC}") = "flag-Select-Next-Populate-Insert-Update-Delete", "flag-Select-Next-Populate-Insert-Update-Delete\flag-Select-Next-Populate-Insert-Update-Delete.csproj", "{20F4C873-2E98-49D3-9D49-37650D9CCC26}"
EndProject
Project("{FAE04EC0-301F-11D3-BF4B-00C04F79EFBC}") = "TypedUntyped", "TypedUntyped\TypedUntyped.csproj", "{E720C7A9-0810-49DC-B68D-C48873A29468}"
EndProject
Project("{FAE04EC0-301F-11D3-BF4B-00C04F79EFBC}") = "TypedUntypedDataSet", "LinqToDataSet\TypedUntypedDataSet.csproj", "{0F1DDF1B-6C7E-4423-BAF8-B7F724F00E20}"
EndProject
Project("{FAE04EC0-301F-11D3-BF4B-00C04F79EFBC}") = "EntityFrameWorkDataBaseFirstApproach", "EntityFrameWorkDataBaseFirstApproach\EntityFrameWorkDataBaseFirstApproach.csproj", "{6E5E591E-1B51-40F5-982F-4764D4BF16D9}"
EndProject
Project("{FAE04EC0-301F-11D3-BF4B-00C04F79EFBC}") = "EF Model  First Approach", "EF Model  First Approach\EF Model  First Approach.csproj", "{33F734FD-F2C3-4A8E-B121-5610D352AC61}"
EndProject
Project("{FAE04EC0-301F-11D3-BF4B-00C04F79EFBC}") = "EF Code First Approach", "EF Code First Approach\EF Code First Approach.csproj", "{8EF0C0CC-BDDA-4169-BD16-B876EBDAD2BE}"
EndProject
Project("{FAE04EC0-301F-11D3-BF4B-00C04F79EFBC}") = "AssignmentEachDisplayDepartmentAllEmployees", "AssignmentEachDisplayDepartmentAllEmployees\AssignmentEachDisplayDepartmentAllEmployees.csproj", "{4B54C833-1D13-458B-BA19-2D3FA86DEFED}"
EndProject
Project("{FAE04EC0-301F-11D3-BF4B-00C04F79EFBC}") = "AssLinqDepartmentEmployee", "AssLinqDepartmentEmployee\AssLinqDepartmentEmployee.csproj", "{298D8190-8FD2-462E-9CB3-590F3A75AFD4}"
EndProject
Project("{FAE04EC0-301F-11D3-BF4B-00C04F79EFBC}") = "AssEmpDepDBFirstUsingForm", "AssEmpDepDBFirstUsingForm\AssEmpDepDBFirstUsingForm.csproj", "{6BAB5909-07E4-4DCE-8374-E6FA59AF42FA}"
EndProject
Project("{2150E333-8FDC-42A3-9474-1A3956D46DE8}") = "ASP.Net", "ASP.Net", "{A8820F6F-A5DA-447C-BD43-46EF38F0CCDC}"
EndProject
Project("{FAE04EC0-301F-11D3-BF4B-00C04F79EFBC}") = "asp1", "asp1\asp1.csproj", "{33BEB231-19FF-4149-9F54-D4DF9C728078}"
EndProject
Project("{FAE04EC0-301F-11D3-BF4B-00C04F79EFBC}") = "ASP.NETWebApplication1", "ASP.NETWebApplication1\ASP.NETWebApplication1.csproj", "{8BAF1563-AADE-46C9-9864-732705119075}"
EndProject
Project("{FAE04EC0-301F-11D3-BF4B-00C04F79EFBC}") = "CrudOperationsConectedDisconnectedin ASP.NetWeb App", "CrudOperationsConectedDisconnectedin ASP.NetWeb App\CrudOperationsConectedDisconnectedin ASP.NetWeb App.csproj", "{CEA27B73-F515-48F4-9B18-E54EBD94BF98}"
EndProject
Project("{FAE04EC0-301F-11D3-BF4B-00C04F79EFBC}") = "DBFirstLinqinAsp.Net", "DBFirstLinqinAsp.Net\DBFirstLinqinAsp.Net.csproj", "{232AD7A9-D77A-46BA-AEFB-DA0E1E16E6F9}"
EndProject
Project("{FAE04EC0-301F-11D3-BF4B-00C04F79EFBC}") = "ASP.NetMasterPage", "ASP.NetMasterPage\ASP.NetMasterPage.csproj", "{D89E5D64-1585-4F8D-92F2-6A45B48A7524}"
EndProject
Project("{FAE04EC0-301F-11D3-BF4B-00C04F79EFBC}") = "ASP.NETState22", "ASP.NETState22\ASP.NETState22.csproj", "{602278AB-6EC1-4C25-9C9B-348342A47B14}"
EndProject
Project("{FAE04EC0-301F-11D3-BF4B-00C04F79EFBC}") = "asp.netGlobalWebApplication", "asp.netGlobalWebApplication\asp.netGlobalWebApplication.csproj", "{090CF871-2667-4FB5-AE9E-45B0562962C5}"
EndProject
Project("{2150E333-8FDC-42A3-9474-1A3956D46DE8}") = "Solution Items", "Solution Items", "{CB6B973B-00C1-47E9-B2D6-50A5C7B5624B}"
	ProjectSection(SolutionItems) = preProject
		.editorconfig = .editorconfig
	EndProjectSection
EndProject
Project("{FAE04EC0-301F-11D3-BF4B-00C04F79EFBC}") = "FrontFormAuthentication", "FrontFormAuthentication\FrontFormAuthentication.csproj", "{14BBF74B-795A-4013-813E-7667B950B883}"
EndProject
Project("{2150E333-8FDC-42A3-9474-1A3956D46DE8}") = "ASP.NET WebServices", "ASP.NET WebServices", "{03D4BA99-E7A6-4E19-A952-F047F0DA9037}"
EndProject
Project("{FAE04EC0-301F-11D3-BF4B-00C04F79EFBC}") = "HelloWebService", "HelloWebService\HelloWebService.csproj", "{58DC1A6F-35DB-4FF8-823B-BA8C075E91B3}"
EndProject
Project("{FAE04EC0-301F-11D3-BF4B-00C04F79EFBC}") = "ConsoleServiceConsumer1", "ConsoleServiceConsumer1\ConsoleServiceConsumer1.csproj", "{5BABB3E3-A19F-428C-B85A-6A982446B23B}"
	ProjectSection(ProjectDependencies) = postProject
		{58DC1A6F-35DB-4FF8-823B-BA8C075E91B3} = {58DC1A6F-35DB-4FF8-823B-BA8C075E91B3}
	EndProjectSection
EndProject
Project("{FAE04EC0-301F-11D3-BF4B-00C04F79EFBC}") = "ConsoleServiceConsumer22", "ConsoleServiceConsumer22\ConsoleServiceConsumer22.csproj", "{B2A11FAD-AEB4-459B-82D1-B855F0FBEE02}"
	ProjectSection(ProjectDependencies) = postProject
		{58DC1A6F-35DB-4FF8-823B-BA8C075E91B3} = {58DC1A6F-35DB-4FF8-823B-BA8C075E91B3}
	EndProjectSection
EndProject
Project("{2150E333-8FDC-42A3-9474-1A3956D46DE8}") = "ASP.NET MVC Programs", "ASP.NET MVC Programs", "{9E43A6BF-491D-4486-B2EC-19D8E7C2537B}"
EndProject
Project("{FAE04EC0-301F-11D3-BF4B-00C04F79EFBC}") = "mvc11", "mvc11\mvc11.csproj", "{D3E307A1-2830-466B-876F-0E083F7BBC79}"
EndProject
Project("{FAE04EC0-301F-11D3-BF4B-00C04F79EFBC}") = "EF-DBFirst-Crude Operations EmployeeDepartment", "EF-DBFirst-Crude Operations EmployeeDepartment\EF-DBFirst-Crude Operations EmployeeDepartment.csproj", "{95AD95A8-25B7-43C5-A81C-13FDA475BF83}"
EndProject
Project("{FAE04EC0-301F-11D3-BF4B-00C04F79EFBC}") = "mvc22myown", "mvc22myown\mvc22myown.csproj", "{AD4D8D9A-5AB0-498E-9DA4-8E62EE061A21}"
EndProject
Project("{2150E333-8FDC-42A3-9474-1A3956D46DE8}") = "WebApi", "WebApi", "{51FC12E0-D9FA-4BB6-8D5C-0922FA9904BF}"
EndProject
Project("{FAE04EC0-301F-11D3-BF4B-00C04F79EFBC}") = "HelloWebAPI", "HelloWebAPI\HelloWebAPI.csproj", "{6D5A9254-D2B8-4586-AC2D-E06DF03F5629}"
EndProject
Project("{FAE04EC0-301F-11D3-BF4B-00C04F79EFBC}") = "ProductStore", "ProductStore\ProductStore.csproj", "{ECA51DFF-C922-4054-A037-14E274BCB378}"
EndProject
Project("{2150E333-8FDC-42A3-9474-1A3956D46DE8}") = "Client", "Client", "{E261F6D0-BE03-4580-85F2-916EC1FECC75}"
EndProject
Project("{FAE04EC0-301F-11D3-BF4B-00C04F79EFBC}") = "ProductStoreClient", "ProductStoreClient\ProductStoreClient.csproj", "{31176039-D8D8-4F42-B3F8-052E88019C0E}"
EndProject
Project("{FAE04EC0-301F-11D3-BF4B-00C04F79EFBC}") = "ProductStoreWithEFWebApi", "ProductStoreWithEFWebApi\ProductStoreWithEFWebApi.csproj", "{F988C3FF-D6A7-4F0A-BC8F-76B4C19B09B2}"
EndProject
Project("{FAE04EC0-301F-11D3-BF4B-00C04F79EFBC}") = "WebApiEF22", "WebApiEF22\WebApiEF22.csproj", "{CA6B4754-5F59-477C-AE70-093AB7D5F6D7}"
EndProject
Project("{FAE04EC0-301F-11D3-BF4B-00C04F79EFBC}") = "WebApi2TableClient", "WebApi2TableClient\WebApi2TableClient.csproj", "{2F2BC69B-BB51-447F-A1F2-DEEBB56681F5}"
EndProject
Project("{2150E333-8FDC-42A3-9474-1A3956D46DE8}") = "ASP.NetMVCCore", "ASP.NetMVCCore", "{8913591D-41A9-4B5D-BA39-03DB758C1D1F}"
EndProject
Project("{2150E333-8FDC-42A3-9474-1A3956D46DE8}") = "Database", "Database", "{DB3D8735-1943-44BA-9063-BA7CFA2866F9}"
EndProject
Project("{FAE04EC0-301F-11D3-BF4B-00C04F79EFBC}") = "WebApi2with,,Tables", "WebApi2with,,Tables\WebApi2with,,Tables.csproj", "{71CAEA03-6B01-4174-B026-153AC88B66ED}"
EndProject
Global
	GlobalSection(SolutionConfigurationPlatforms) = preSolution
		Debug|Any CPU = Debug|Any CPU
		Release|Any CPU = Release|Any CPU
	EndGlobalSection
	GlobalSection(ProjectConfigurationPlatforms) = postSolution
		{17158AAF-509A-41FC-A289-F9F0661101CB}.Debug|Any CPU.ActiveCfg = Debug|Any CPU
		{17158AAF-509A-41FC-A289-F9F0661101CB}.Debug|Any CPU.Build.0 = Debug|Any CPU
		{17158AAF-509A-41FC-A289-F9F0661101CB}.Release|Any CPU.ActiveCfg = Release|Any CPU
		{17158AAF-509A-41FC-A289-F9F0661101CB}.Release|Any CPU.Build.0 = Release|Any CPU
		{62A0F061-57C5-437B-B797-71F14183C282}.Debug|Any CPU.ActiveCfg = Debug|Any CPU
		{62A0F061-57C5-437B-B797-71F14183C282}.Debug|Any CPU.Build.0 = Debug|Any CPU
		{62A0F061-57C5-437B-B797-71F14183C282}.Release|Any CPU.ActiveCfg = Release|Any CPU
		{62A0F061-57C5-437B-B797-71F14183C282}.Release|Any CPU.Build.0 = Release|Any CPU
		{8CEAC08A-FAF0-4AF0-B989-3B6E25EFD433}.Debug|Any CPU.ActiveCfg = Debug|Any CPU
		{8CEAC08A-FAF0-4AF0-B989-3B6E25EFD433}.Debug|Any CPU.Build.0 = Debug|Any CPU
		{8CEAC08A-FAF0-4AF0-B989-3B6E25EFD433}.Release|Any CPU.ActiveCfg = Release|Any CPU
		{8CEAC08A-FAF0-4AF0-B989-3B6E25EFD433}.Release|Any CPU.Build.0 = Release|Any CPU
		{20F4C873-2E98-49D3-9D49-37650D9CCC26}.Debug|Any CPU.ActiveCfg = Debug|Any CPU
		{20F4C873-2E98-49D3-9D49-37650D9CCC26}.Debug|Any CPU.Build.0 = Debug|Any CPU
		{20F4C873-2E98-49D3-9D49-37650D9CCC26}.Release|Any CPU.ActiveCfg = Release|Any CPU
		{20F4C873-2E98-49D3-9D49-37650D9CCC26}.Release|Any CPU.Build.0 = Release|Any CPU
		{E720C7A9-0810-49DC-B68D-C48873A29468}.Debug|Any CPU.ActiveCfg = Debug|Any CPU
		{E720C7A9-0810-49DC-B68D-C48873A29468}.Debug|Any CPU.Build.0 = Debug|Any CPU
		{E720C7A9-0810-49DC-B68D-C48873A29468}.Release|Any CPU.ActiveCfg = Release|Any CPU
		{E720C7A9-0810-49DC-B68D-C48873A29468}.Release|Any CPU.Build.0 = Release|Any CPU
		{0F1DDF1B-6C7E-4423-BAF8-B7F724F00E20}.Debug|Any CPU.ActiveCfg = Debug|Any CPU
		{0F1DDF1B-6C7E-4423-BAF8-B7F724F00E20}.Debug|Any CPU.Build.0 = Debug|Any CPU
		{0F1DDF1B-6C7E-4423-BAF8-B7F724F00E20}.Release|Any CPU.ActiveCfg = Release|Any CPU
		{0F1DDF1B-6C7E-4423-BAF8-B7F724F00E20}.Release|Any CPU.Build.0 = Release|Any CPU
		{6E5E591E-1B51-40F5-982F-4764D4BF16D9}.Debug|Any CPU.ActiveCfg = Debug|Any CPU
		{6E5E591E-1B51-40F5-982F-4764D4BF16D9}.Debug|Any CPU.Build.0 = Debug|Any CPU
		{6E5E591E-1B51-40F5-982F-4764D4BF16D9}.Release|Any CPU.ActiveCfg = Release|Any CPU
		{6E5E591E-1B51-40F5-982F-4764D4BF16D9}.Release|Any CPU.Build.0 = Release|Any CPU
		{33F734FD-F2C3-4A8E-B121-5610D352AC61}.Debug|Any CPU.ActiveCfg = Debug|Any CPU
		{33F734FD-F2C3-4A8E-B121-5610D352AC61}.Debug|Any CPU.Build.0 = Debug|Any CPU
		{33F734FD-F2C3-4A8E-B121-5610D352AC61}.Release|Any CPU.ActiveCfg = Release|Any CPU
		{33F734FD-F2C3-4A8E-B121-5610D352AC61}.Release|Any CPU.Build.0 = Release|Any CPU
		{8EF0C0CC-BDDA-4169-BD16-B876EBDAD2BE}.Debug|Any CPU.ActiveCfg = Debug|Any CPU
		{8EF0C0CC-BDDA-4169-BD16-B876EBDAD2BE}.Debug|Any CPU.Build.0 = Debug|Any CPU
		{8EF0C0CC-BDDA-4169-BD16-B876EBDAD2BE}.Release|Any CPU.ActiveCfg = Release|Any CPU
		{8EF0C0CC-BDDA-4169-BD16-B876EBDAD2BE}.Release|Any CPU.Build.0 = Release|Any CPU
		{4B54C833-1D13-458B-BA19-2D3FA86DEFED}.Debug|Any CPU.ActiveCfg = Debug|Any CPU
		{4B54C833-1D13-458B-BA19-2D3FA86DEFED}.Debug|Any CPU.Build.0 = Debug|Any CPU
		{4B54C833-1D13-458B-BA19-2D3FA86DEFED}.Release|Any CPU.ActiveCfg = Release|Any CPU
		{4B54C833-1D13-458B-BA19-2D3FA86DEFED}.Release|Any CPU.Build.0 = Release|Any CPU
		{298D8190-8FD2-462E-9CB3-590F3A75AFD4}.Debug|Any CPU.ActiveCfg = Debug|Any CPU
		{298D8190-8FD2-462E-9CB3-590F3A75AFD4}.Debug|Any CPU.Build.0 = Debug|Any CPU
		{298D8190-8FD2-462E-9CB3-590F3A75AFD4}.Release|Any CPU.ActiveCfg = Release|Any CPU
		{298D8190-8FD2-462E-9CB3-590F3A75AFD4}.Release|Any CPU.Build.0 = Release|Any CPU
		{6BAB5909-07E4-4DCE-8374-E6FA59AF42FA}.Debug|Any CPU.ActiveCfg = Debug|Any CPU
		{6BAB5909-07E4-4DCE-8374-E6FA59AF42FA}.Debug|Any CPU.Build.0 = Debug|Any CPU
		{6BAB5909-07E4-4DCE-8374-E6FA59AF42FA}.Release|Any CPU.ActiveCfg = Release|Any CPU
		{6BAB5909-07E4-4DCE-8374-E6FA59AF42FA}.Release|Any CPU.Build.0 = Release|Any CPU
		{33BEB231-19FF-4149-9F54-D4DF9C728078}.Debug|Any CPU.ActiveCfg = Debug|Any CPU
		{33BEB231-19FF-4149-9F54-D4DF9C728078}.Debug|Any CPU.Build.0 = Debug|Any CPU
		{33BEB231-19FF-4149-9F54-D4DF9C728078}.Release|Any CPU.ActiveCfg = Release|Any CPU
		{33BEB231-19FF-4149-9F54-D4DF9C728078}.Release|Any CPU.Build.0 = Release|Any CPU
		{8BAF1563-AADE-46C9-9864-732705119075}.Debug|Any CPU.ActiveCfg = Debug|Any CPU
		{8BAF1563-AADE-46C9-9864-732705119075}.Debug|Any CPU.Build.0 = Debug|Any CPU
		{8BAF1563-AADE-46C9-9864-732705119075}.Release|Any CPU.ActiveCfg = Release|Any CPU
		{8BAF1563-AADE-46C9-9864-732705119075}.Release|Any CPU.Build.0 = Release|Any CPU
		{CEA27B73-F515-48F4-9B18-E54EBD94BF98}.Debug|Any CPU.ActiveCfg = Debug|Any CPU
		{CEA27B73-F515-48F4-9B18-E54EBD94BF98}.Debug|Any CPU.Build.0 = Debug|Any CPU
		{CEA27B73-F515-48F4-9B18-E54EBD94BF98}.Release|Any CPU.ActiveCfg = Release|Any CPU
		{CEA27B73-F515-48F4-9B18-E54EBD94BF98}.Release|Any CPU.Build.0 = Release|Any CPU
		{232AD7A9-D77A-46BA-AEFB-DA0E1E16E6F9}.Debug|Any CPU.ActiveCfg = Debug|Any CPU
		{232AD7A9-D77A-46BA-AEFB-DA0E1E16E6F9}.Debug|Any CPU.Build.0 = Debug|Any CPU
		{232AD7A9-D77A-46BA-AEFB-DA0E1E16E6F9}.Release|Any CPU.ActiveCfg = Release|Any CPU
		{232AD7A9-D77A-46BA-AEFB-DA0E1E16E6F9}.Release|Any CPU.Build.0 = Release|Any CPU
		{D89E5D64-1585-4F8D-92F2-6A45B48A7524}.Debug|Any CPU.ActiveCfg = Debug|Any CPU
		{D89E5D64-1585-4F8D-92F2-6A45B48A7524}.Debug|Any CPU.Build.0 = Debug|Any CPU
		{D89E5D64-1585-4F8D-92F2-6A45B48A7524}.Release|Any CPU.ActiveCfg = Release|Any CPU
		{D89E5D64-1585-4F8D-92F2-6A45B48A7524}.Release|Any CPU.Build.0 = Release|Any CPU
		{602278AB-6EC1-4C25-9C9B-348342A47B14}.Debug|Any CPU.ActiveCfg = Debug|Any CPU
		{602278AB-6EC1-4C25-9C9B-348342A47B14}.Debug|Any CPU.Build.0 = Debug|Any CPU
		{602278AB-6EC1-4C25-9C9B-348342A47B14}.Release|Any CPU.ActiveCfg = Release|Any CPU
		{602278AB-6EC1-4C25-9C9B-348342A47B14}.Release|Any CPU.Build.0 = Release|Any CPU
		{090CF871-2667-4FB5-AE9E-45B0562962C5}.Debug|Any CPU.ActiveCfg = Debug|Any CPU
		{090CF871-2667-4FB5-AE9E-45B0562962C5}.Debug|Any CPU.Build.0 = Debug|Any CPU
		{090CF871-2667-4FB5-AE9E-45B0562962C5}.Release|Any CPU.ActiveCfg = Release|Any CPU
		{090CF871-2667-4FB5-AE9E-45B0562962C5}.Release|Any CPU.Build.0 = Release|Any CPU
		{14BBF74B-795A-4013-813E-7667B950B883}.Debug|Any CPU.ActiveCfg = Debug|Any CPU
		{14BBF74B-795A-4013-813E-7667B950B883}.Debug|Any CPU.Build.0 = Debug|Any CPU
		{14BBF74B-795A-4013-813E-7667B950B883}.Release|Any CPU.ActiveCfg = Release|Any CPU
		{14BBF74B-795A-4013-813E-7667B950B883}.Release|Any CPU.Build.0 = Release|Any CPU
		{58DC1A6F-35DB-4FF8-823B-BA8C075E91B3}.Debug|Any CPU.ActiveCfg = Debug|Any CPU
		{58DC1A6F-35DB-4FF8-823B-BA8C075E91B3}.Debug|Any CPU.Build.0 = Debug|Any CPU
		{58DC1A6F-35DB-4FF8-823B-BA8C075E91B3}.Release|Any CPU.ActiveCfg = Release|Any CPU
		{58DC1A6F-35DB-4FF8-823B-BA8C075E91B3}.Release|Any CPU.Build.0 = Release|Any CPU
		{5BABB3E3-A19F-428C-B85A-6A982446B23B}.Debug|Any CPU.ActiveCfg = Debug|Any CPU
		{5BABB3E3-A19F-428C-B85A-6A982446B23B}.Debug|Any CPU.Build.0 = Debug|Any CPU
		{5BABB3E3-A19F-428C-B85A-6A982446B23B}.Release|Any CPU.ActiveCfg = Release|Any CPU
		{5BABB3E3-A19F-428C-B85A-6A982446B23B}.Release|Any CPU.Build.0 = Release|Any CPU
		{B2A11FAD-AEB4-459B-82D1-B855F0FBEE02}.Debug|Any CPU.ActiveCfg = Debug|Any CPU
		{B2A11FAD-AEB4-459B-82D1-B855F0FBEE02}.Debug|Any CPU.Build.0 = Debug|Any CPU
		{B2A11FAD-AEB4-459B-82D1-B855F0FBEE02}.Release|Any CPU.ActiveCfg = Release|Any CPU
		{B2A11FAD-AEB4-459B-82D1-B855F0FBEE02}.Release|Any CPU.Build.0 = Release|Any CPU
		{D3E307A1-2830-466B-876F-0E083F7BBC79}.Debug|Any CPU.ActiveCfg = Debug|Any CPU
		{D3E307A1-2830-466B-876F-0E083F7BBC79}.Debug|Any CPU.Build.0 = Debug|Any CPU
		{D3E307A1-2830-466B-876F-0E083F7BBC79}.Release|Any CPU.ActiveCfg = Release|Any CPU
		{D3E307A1-2830-466B-876F-0E083F7BBC79}.Release|Any CPU.Build.0 = Release|Any CPU
		{95AD95A8-25B7-43C5-A81C-13FDA475BF83}.Debug|Any CPU.ActiveCfg = Debug|Any CPU
		{95AD95A8-25B7-43C5-A81C-13FDA475BF83}.Debug|Any CPU.Build.0 = Debug|Any CPU
		{95AD95A8-25B7-43C5-A81C-13FDA475BF83}.Release|Any CPU.ActiveCfg = Release|Any CPU
		{95AD95A8-25B7-43C5-A81C-13FDA475BF83}.Release|Any CPU.Build.0 = Release|Any CPU
		{AD4D8D9A-5AB0-498E-9DA4-8E62EE061A21}.Debug|Any CPU.ActiveCfg = Debug|Any CPU
		{AD4D8D9A-5AB0-498E-9DA4-8E62EE061A21}.Debug|Any CPU.Build.0 = Debug|Any CPU
		{AD4D8D9A-5AB0-498E-9DA4-8E62EE061A21}.Release|Any CPU.ActiveCfg = Release|Any CPU
		{AD4D8D9A-5AB0-498E-9DA4-8E62EE061A21}.Release|Any CPU.Build.0 = Release|Any CPU
		{6D5A9254-D2B8-4586-AC2D-E06DF03F5629}.Debug|Any CPU.ActiveCfg = Debug|Any CPU
		{6D5A9254-D2B8-4586-AC2D-E06DF03F5629}.Debug|Any CPU.Build.0 = Debug|Any CPU
		{6D5A9254-D2B8-4586-AC2D-E06DF03F5629}.Release|Any CPU.ActiveCfg = Release|Any CPU
		{6D5A9254-D2B8-4586-AC2D-E06DF03F5629}.Release|Any CPU.Build.0 = Release|Any CPU
		{ECA51DFF-C922-4054-A037-14E274BCB378}.Debug|Any CPU.ActiveCfg = Debug|Any CPU
		{ECA51DFF-C922-4054-A037-14E274BCB378}.Debug|Any CPU.Build.0 = Debug|Any CPU
		{ECA51DFF-C922-4054-A037-14E274BCB378}.Release|Any CPU.ActiveCfg = Release|Any CPU
		{ECA51DFF-C922-4054-A037-14E274BCB378}.Release|Any CPU.Build.0 = Release|Any CPU
		{31176039-D8D8-4F42-B3F8-052E88019C0E}.Debug|Any CPU.ActiveCfg = Debug|Any CPU
		{31176039-D8D8-4F42-B3F8-052E88019C0E}.Debug|Any CPU.Build.0 = Debug|Any CPU
		{31176039-D8D8-4F42-B3F8-052E88019C0E}.Release|Any CPU.ActiveCfg = Release|Any CPU
		{31176039-D8D8-4F42-B3F8-052E88019C0E}.Release|Any CPU.Build.0 = Release|Any CPU
		{F988C3FF-D6A7-4F0A-BC8F-76B4C19B09B2}.Debug|Any CPU.ActiveCfg = Debug|Any CPU
		{F988C3FF-D6A7-4F0A-BC8F-76B4C19B09B2}.Debug|Any CPU.Build.0 = Debug|Any CPU
		{F988C3FF-D6A7-4F0A-BC8F-76B4C19B09B2}.Release|Any CPU.ActiveCfg = Release|Any CPU
		{F988C3FF-D6A7-4F0A-BC8F-76B4C19B09B2}.Release|Any CPU.Build.0 = Release|Any CPU
		{CA6B4754-5F59-477C-AE70-093AB7D5F6D7}.Debug|Any CPU.ActiveCfg = Debug|Any CPU
		{CA6B4754-5F59-477C-AE70-093AB7D5F6D7}.Debug|Any CPU.Build.0 = Debug|Any CPU
		{CA6B4754-5F59-477C-AE70-093AB7D5F6D7}.Release|Any CPU.ActiveCfg = Release|Any CPU
		{CA6B4754-5F59-477C-AE70-093AB7D5F6D7}.Release|Any CPU.Build.0 = Release|Any CPU
		{2F2BC69B-BB51-447F-A1F2-DEEBB56681F5}.Debug|Any CPU.ActiveCfg = Debug|Any CPU
		{2F2BC69B-BB51-447F-A1F2-DEEBB56681F5}.Debug|Any CPU.Build.0 = Debug|Any CPU
		{2F2BC69B-BB51-447F-A1F2-DEEBB56681F5}.Release|Any CPU.ActiveCfg = Release|Any CPU
		{2F2BC69B-BB51-447F-A1F2-DEEBB56681F5}.Release|Any CPU.Build.0 = Release|Any CPU
		{71CAEA03-6B01-4174-B026-153AC88B66ED}.Debug|Any CPU.ActiveCfg = Debug|Any CPU
		{71CAEA03-6B01-4174-B026-153AC88B66ED}.Debug|Any CPU.Build.0 = Debug|Any CPU
		{71CAEA03-6B01-4174-B026-153AC88B66ED}.Release|Any CPU.ActiveCfg = Release|Any CPU
		{71CAEA03-6B01-4174-B026-153AC88B66ED}.Release|Any CPU.Build.0 = Release|Any CPU
	EndGlobalSection
	GlobalSection(SolutionProperties) = preSolution
		HideSolutionNode = FALSE
	EndGlobalSection
	GlobalSection(NestedProjects) = preSolution
		{33BEB231-19FF-4149-9F54-D4DF9C728078} = {A8820F6F-A5DA-447C-BD43-46EF38F0CCDC}
		{8BAF1563-AADE-46C9-9864-732705119075} = {A8820F6F-A5DA-447C-BD43-46EF38F0CCDC}
		{CEA27B73-F515-48F4-9B18-E54EBD94BF98} = {A8820F6F-A5DA-447C-BD43-46EF38F0CCDC}
		{232AD7A9-D77A-46BA-AEFB-DA0E1E16E6F9} = {A8820F6F-A5DA-447C-BD43-46EF38F0CCDC}
		{D89E5D64-1585-4F8D-92F2-6A45B48A7524} = {A8820F6F-A5DA-447C-BD43-46EF38F0CCDC}
		{602278AB-6EC1-4C25-9C9B-348342A47B14} = {A8820F6F-A5DA-447C-BD43-46EF38F0CCDC}
		{090CF871-2667-4FB5-AE9E-45B0562962C5} = {A8820F6F-A5DA-447C-BD43-46EF38F0CCDC}
		{14BBF74B-795A-4013-813E-7667B950B883} = {A8820F6F-A5DA-447C-BD43-46EF38F0CCDC}
		{58DC1A6F-35DB-4FF8-823B-BA8C075E91B3} = {03D4BA99-E7A6-4E19-A952-F047F0DA9037}
		{5BABB3E3-A19F-428C-B85A-6A982446B23B} = {03D4BA99-E7A6-4E19-A952-F047F0DA9037}
		{B2A11FAD-AEB4-459B-82D1-B855F0FBEE02} = {03D4BA99-E7A6-4E19-A952-F047F0DA9037}
		{D3E307A1-2830-466B-876F-0E083F7BBC79} = {9E43A6BF-491D-4486-B2EC-19D8E7C2537B}
		{AD4D8D9A-5AB0-498E-9DA4-8E62EE061A21} = {9E43A6BF-491D-4486-B2EC-19D8E7C2537B}
		{6D5A9254-D2B8-4586-AC2D-E06DF03F5629} = {51FC12E0-D9FA-4BB6-8D5C-0922FA9904BF}
		{ECA51DFF-C922-4054-A037-14E274BCB378} = {51FC12E0-D9FA-4BB6-8D5C-0922FA9904BF}
		{31176039-D8D8-4F42-B3F8-052E88019C0E} = {E261F6D0-BE03-4580-85F2-916EC1FECC75}
		{F988C3FF-D6A7-4F0A-BC8F-76B4C19B09B2} = {DB3D8735-1943-44BA-9063-BA7CFA2866F9}
		{CA6B4754-5F59-477C-AE70-093AB7D5F6D7} = {DB3D8735-1943-44BA-9063-BA7CFA2866F9}
		{2F2BC69B-BB51-447F-A1F2-DEEBB56681F5} = {E261F6D0-BE03-4580-85F2-916EC1FECC75}
		{71CAEA03-6B01-4174-B026-153AC88B66ED} = {E261F6D0-BE03-4580-85F2-916EC1FECC75}
	EndGlobalSection
	GlobalSection(ExtensibilityGlobals) = postSolution
		SolutionGuid = {B61B955B-24AC-4A8F-B355-B49412357E3E}
	EndGlobalSection
EndGlobal
